{
  "name": "ytt",
  "version": "2.1.6",
  "lockfileVersion": 1,
  "requires": true,
  "dependencies": {
    "despair": {
      "version": "2.1.2",
      "resolved": "https://registry.npmjs.org/despair/-/despair-2.1.2.tgz",
      "integrity": "sha512-ewxrc9YT8RtBVftFrUmu9Fl3uBNz3TqusFLjoGiqqAmpQhVM3X0jDorqyFf7pIdcUe1Hd6SHbJZ/pz7FItLo3g=="
    }
  }
}
