{
  "name": "ytt",
  "version": "1.0.0",
  "lockfileVersion": 1,
  "requires": true,
  "dependencies": {
    "despair": {
      "version": "2.1.0",
      "resolved": "https://registry.npmjs.org/despair/-/despair-2.1.0.tgz",
      "integrity": "sha512-PdpVXwmH7Oj1TXFakVlZcjws5eeyvFG3RBcila0qizz2nSJooP7TsJbEKq9yGiq6bUCE65taYP8aIz7BhFxUnA=="
    },
    "honesty": {
      "version": "1.2.0",
      "resolved": "https://registry.npmjs.org/honesty/-/honesty-1.2.0.tgz",
      "integrity": "sha512-Np1gJrT8d9lYBcCsnaEL+aOyHUcnrnia4kdi6ARCoCZrqhx093YVsaUhSqYKvXwEl2110G1W1esuSpdaeGtZ/Q=="
    }
  }
}
